
Microsoft Visual Studio Solution File, Format Version 12.00
# Visual Studio 15
VisualStudioVersion = 15.0.28307.168
MinimumVisualStudioVersion = 10.0.40219.1
Project("{FAE04EC0-301F-11D3-BF4B-00C04F79EFBC}") = "Exercise2-CSharpAutomation", "Exercise2-CSharpAutomation\Exercise2-CSharpAutomation.csproj", "{B01DA828-8A7B-4D55-A846-9C60C02A6D2E}"
EndProject
Global
	GlobalSection(SolutionConfigurationPlatforms) = preSolution
		Debug|Any CPU = Debug|Any CPU
		Release|Any CPU = Release|Any CPU
	EndGlobalSection
	GlobalSection(ProjectConfigurationPlatforms) = postSolution
		{B01DA828-8A7B-4D55-A846-9C60C02A6D2E}.Debug|Any CPU.ActiveCfg = Debug|Any CPU
		{B01DA828-8A7B-4D55-A846-9C60C02A6D2E}.Debug|Any CPU.Build.0 = Debug|Any CPU
		{B01DA828-8A7B-4D55-A846-9C60C02A6D2E}.Release|Any CPU.ActiveCfg = Release|Any CPU
		{B01DA828-8A7B-4D55-A846-9C60C02A6D2E}.Release|Any CPU.Build.0 = Release|Any CPU
	EndGlobalSection
	GlobalSection(SolutionProperties) = preSolution
		HideSolutionNode = FALSE
	EndGlobalSection
	GlobalSection(ExtensibilityGlobals) = postSolution
		SolutionGuid = {5E52D3CD-E078-47DF-86B4-0159B69189E6}
	EndGlobalSection
EndGlobal
